
Microsoft Visual Studio Solution File, Format Version 12.00
# Visual Studio Version 16
VisualStudioVersion = 16.0.29709.97
MinimumVisualStudioVersion = 10.0.40219.1
Project("{8BC9CEB8-8B4A-11D0-8D11-00A0C91BC942}") = "CSIS112_Assign8_Popenfoose", "CSIS112_Assign8_Popenfoose\CSIS112_Assign8_Popenfoose.vcxproj", "{27958C54-AF8F-445C-A229-6DC34BABF796}"
EndProject
Global
	GlobalSection(SolutionConfigurationPlatforms) = preSolution
		Debug|x64 = Debug|x64
		Debug|x86 = Debug|x86
		Release|x64 = Release|x64
		Release|x86 = Release|x86
	EndGlobalSection
	GlobalSection(ProjectConfigurationPlatforms) = postSolution
		{27958C54-AF8F-445C-A229-6DC34BABF796}.Debug|x64.ActiveCfg = Debug|x64
		{27958C54-AF8F-445C-A229-6DC34BABF796}.Debug|x64.Build.0 = Debug|x64
		{27958C54-AF8F-445C-A229-6DC34BABF796}.Debug|x86.ActiveCfg = Debug|Win32
		{27958C54-AF8F-445C-A229-6DC34BABF796}.Debug|x86.Build.0 = Debug|Win32
		{27958C54-AF8F-445C-A229-6DC34BABF796}.Release|x64.ActiveCfg = Release|x64
		{27958C54-AF8F-445C-A229-6DC34BABF796}.Release|x64.Build.0 = Release|x64
		{27958C54-AF8F-445C-A229-6DC34BABF796}.Release|x86.ActiveCfg = Release|Win32
		{27958C54-AF8F-445C-A229-6DC34BABF796}.Release|x86.Build.0 = Release|Win32
	EndGlobalSection
	GlobalSection(SolutionProperties) = preSolution
		HideSolutionNode = FALSE
	EndGlobalSection
	GlobalSection(ExtensibilityGlobals) = postSolution
		SolutionGuid = {6E0D9AE8-9A48-41FB-AC65-40C680451CDB}
	EndGlobalSection
EndGlobal
